
Microsoft Visual Studio Solution File, Format Version 12.00
# Visual Studio 14
VisualStudioVersion = 14.0.25420.1
MinimumVisualStudioVersion = 10.0.40219.1
Project("{FAE04EC0-301F-11D3-BF4B-00C04F79EFBC}") = "LearningWPF2", "LearningWPF2\LearningWPF2.csproj", "{BDABE0BB-FB5A-4370-97FC-07B0CB0BBF7E}"
EndProject
Global
	GlobalSection(SolutionConfigurationPlatforms) = preSolution
		Debug|Any CPU = Debug|Any CPU
		Release|Any CPU = Release|Any CPU
	EndGlobalSection
	GlobalSection(ProjectConfigurationPlatforms) = postSolution
		{BDABE0BB-FB5A-4370-97FC-07B0CB0BBF7E}.Debug|Any CPU.ActiveCfg = Debug|Any CPU
		{BDABE0BB-FB5A-4370-97FC-07B0CB0BBF7E}.Debug|Any CPU.Build.0 = Debug|Any CPU
		{BDABE0BB-FB5A-4370-97FC-07B0CB0BBF7E}.Release|Any CPU.ActiveCfg = Release|Any CPU
		{BDABE0BB-FB5A-4370-97FC-07B0CB0BBF7E}.Release|Any CPU.Build.0 = Release|Any CPU
	EndGlobalSection
	GlobalSection(SolutionProperties) = preSolution
		HideSolutionNode = FALSE
	EndGlobalSection
EndGlobal
